
Microsoft Visual Studio Solution File, Format Version 12.00
# Visual Studio Version 16
VisualStudioVersion = 16.0.30413.136
MinimumVisualStudioVersion = 10.0.40219.1
Project("{888888A0-9F3D-457C-B088-3A5042F75D52}") = "Isikukood", "Isikukood\Isikukood.pyproj", "{F27CD543-E999-4C81-9CDC-3502B0ABB0D4}"
EndProject
Global
	GlobalSection(SolutionConfigurationPlatforms) = preSolution
		Debug|Any CPU = Debug|Any CPU
		Release|Any CPU = Release|Any CPU
	EndGlobalSection
	GlobalSection(ProjectConfigurationPlatforms) = postSolution
		{F27CD543-E999-4C81-9CDC-3502B0ABB0D4}.Debug|Any CPU.ActiveCfg = Debug|Any CPU
		{F27CD543-E999-4C81-9CDC-3502B0ABB0D4}.Release|Any CPU.ActiveCfg = Release|Any CPU
	EndGlobalSection
	GlobalSection(SolutionProperties) = preSolution
		HideSolutionNode = FALSE
	EndGlobalSection
	GlobalSection(ExtensibilityGlobals) = postSolution
		SolutionGuid = {503DFFB6-63AC-422F-8FE4-2006DCFA1F33}
	EndGlobalSection
EndGlobal
